
Microsoft Visual Studio Solution File, Format Version 12.00
# Visual Studio Version 16
VisualStudioVersion = 16.0.29709.97
MinimumVisualStudioVersion = 10.0.40219.1
Project("{FAE04EC0-301F-11D3-BF4B-00C04F79EFBC}") = "NastyHacks", "NastyHacks\NastyHacks.csproj", "{E14F885B-49BF-4C8C-92C3-EEBA862CA579}"
EndProject
Global
	GlobalSection(SolutionConfigurationPlatforms) = preSolution
		Debug|Any CPU = Debug|Any CPU
		Release|Any CPU = Release|Any CPU
	EndGlobalSection
	GlobalSection(ProjectConfigurationPlatforms) = postSolution
		{E14F885B-49BF-4C8C-92C3-EEBA862CA579}.Debug|Any CPU.ActiveCfg = Debug|Any CPU
		{E14F885B-49BF-4C8C-92C3-EEBA862CA579}.Debug|Any CPU.Build.0 = Debug|Any CPU
		{E14F885B-49BF-4C8C-92C3-EEBA862CA579}.Release|Any CPU.ActiveCfg = Release|Any CPU
		{E14F885B-49BF-4C8C-92C3-EEBA862CA579}.Release|Any CPU.Build.0 = Release|Any CPU
	EndGlobalSection
	GlobalSection(SolutionProperties) = preSolution
		HideSolutionNode = FALSE
	EndGlobalSection
	GlobalSection(ExtensibilityGlobals) = postSolution
		SolutionGuid = {A0E028AC-62CC-4F8C-8918-EB5E724806D4}
	EndGlobalSection
EndGlobal
